// !$*UTF8*$!
{
	archiveVersion = 1;
	classes = {
	};
	objectVersion = 46;
	objects = {

/* Begin PBXBuildFile section */
		FC0504351E1464580074FC1B /* AppDelegate.swift in Sources */ = {isa = PBXBuildFile; fileRef = FC0504341E1464580074FC1B /* AppDelegate.swift */; };
		FC0504371E1464580074FC1B /* ViewController.swift in Sources */ = {isa = PBXBuildFile; fileRef = FC0504361E1464580074FC1B /* ViewController.swift */; };
		FC05043A1E1464580074FC1B /* Main.storyboard in Resources */ = {isa = PBXBuildFile; fileRef = FC0504381E1464580074FC1B /* Main.storyboard */; };
		FC05043C1E1464580074FC1B /* Assets.xcassets in Resources */ = {isa = PBXBuildFile; fileRef = FC05043B1E1464580074FC1B /* Assets.xcassets */; };
		FC05043F1E1464580074FC1B /* LaunchScreen.storyboard in Resources */ = {isa = PBXBuildFile; fileRef = FC05043D1E1464580074FC1B /* LaunchScreen.storyboard */; };
/* End PBXBuildFile section */

/* Begin PBXFileReference section */
		FC0504311E1464580074FC1B /* Silly Song.app */ = {isa = PBXFileReference; explicitFileType = wrapper.application; includeInIndex = 0; path = "Silly Song.app"; sourceTree = BUILT_PRODUCTS_DIR; };
		FC0504341E1464580074FC1B /* AppDelegate.swift */ = {isa = PBXFileReference; lastKnownFileType = sourcecode.swift; path = AppDelegate.swift; sourceTree = "<group>"; };
		FC0504361E1464580074FC1B /* ViewController.swift */ = {isa = PBXFileReference; lastKnownFileType = sourcecode.swift; path = ViewController.swift; sourceTree = "<group>"; };
		FC0504391E1464580074FC1B /* Base */ = {isa = PBXFileReference; lastKnownFileType = file.storyboard; name = Base; path = Base.lproj/Main.storyboard; sourceTree = "<group>"; };
		FC05043B1E1464580074FC1B /* Assets.xcassets */ = {isa = PBXFileReference; lastKnownFileType = folder.assetcatalog; path = Assets.xcassets; sourceTree = "<group>"; };
		FC05043E1E1464580074FC1B /* Base */ = {isa = PBXFileReference; lastKnownFileType = file.storyboard; name = Base; path = Base.lproj/LaunchScreen.storyboard; sourceTree = "<group>"; };
		FC0504401E1464580074FC1B /* Info.plist */ = {isa = PBXFileReference; lastKnownFileType = text.plist.xml; path = Info.plist; sourceTree = "<group>"; };
/* End PBXFileReference section */

/* Begin PBXFrameworksBuildPhase section */
		FC05042E1E1464580074FC1B /* Frameworks */ = {
			isa = PBXFrameworksBuildPhase;
			buildActionMask = 2147483647;
			files = (
			);
			runOnlyForDeploymentPostprocessing = 0;
		};
/* End PBXFrameworksBuildPhase section */

/* Begin PBXGroup section */
		FC0504281E1464580074FC1B = {
			isa = PBXGroup;
			children = (
				FC0504331E1464580074FC1B /* Silly Song */,
				FC0504321E1464580074FC1B /* Products */,
			);
			sourceTree = "<group>";
		};
		FC0504321E1464580074FC1B /* Products */ = {
			isa = PBXGroup;
			children = (
				FC0504311E1464580074FC1B /* Silly Song.app */,
			);
			name = Products;
			sourceTree = "<group>";
		};
		FC0504331E1464580074FC1B /* Silly Song */ = {
			isa = PBXGroup;
			children = (
				FC0504341E1464580074FC1B /* AppDelegate.swift */,
				FC0504361E1464580074FC1B /* ViewController.swift */,
				FC0504381E1464580074FC1B /* Main.storyboard */,
				FC05043B1E1464580074FC1B /* Assets.xcassets */,
				FC05043D1E1464580074FC1B /* LaunchScreen.storyboard */,
				FC0504401E1464580074FC1B /* Info.plist */,
			);
			path = "Silly Song";
			sourceTree = "<group>";
		};
/* End PBXGroup section */

/* Begin PBXNativeTarget section */
		FC0504301E1464580074FC1B /* Silly Song */ = {
			isa = PBXNativeTarget;
			buildConfigurationList = FC0504431E1464580074FC1B /* Build configuration list for PBXNativeTarget "Silly Song" */;
			buildPhases = (
				FC05042D1E1464580074FC1B /* Sources */,
				FC05042E1E1464580074FC1B /* Frameworks */,
				FC05042F1E1464580074FC1B /* Resources */,
			);
			buildRules = (
			);
			dependencies = (
			);
			name = "Silly Song";
			productName = "Silly Song";
			productReference = FC0504311E1464580074FC1B /* Silly Song.app */;
			productType = "com.apple.product-type.application";
		};
/* End PBXNativeTarget section */

/* Begin PBXProject section */
		FC0504291E1464580074FC1B /* Project object */ = {
			isa = PBXProject;
			attributes = {
				LastSwiftUpdateCheck = 0820;
				LastUpgradeCheck = 0820;
				ORGANIZATIONNAME = "Luke Van In";
				TargetAttributes = {
					FC0504301E1464580074FC1B = {
						CreatedOnToolsVersion = 8.2;
						DevelopmentTeam = DBK476475Y;
						ProvisioningStyle = Automatic;
					};
				};
			};
			buildConfigurationList = FC05042C1E1464580074FC1B /* Build configuration list for PBXProject "Silly Song" */;
			compatibilityVersion = "Xcode 3.2";
			developmentRegion = English;
			hasScannedForEncodings = 0;
			knownRegions = (
				en,
				Base,
			);
			mainGroup = FC0504281E1464580074FC1B;
			productRefGroup = FC0504321E1464580074FC1B /* Products */;
			projectDirPath = "";
			projectRoot = "";
			targets = (
				FC0504301E1464580074FC1B /* Silly Song */,
			);
		};
/* End PBXProject section */

/* Begin PBXResourcesBuildPhase section */
		FC05042F1E1464580074FC1B /* Resources */ = {
			isa = PBXResourcesBuildPhase;
			buildActionMask = 2147483647;
			files = (
				FC05043F1E1464580074FC1B /* LaunchScreen.storyboard in Resources */,
				FC05043C1E1464580074FC1B /* Assets.xcassets in Resources */,
				FC05043A1E1464580074FC1B /* Main.storyboard in Resources */,
			);
			runOnlyForDeploymentPostprocessing = 0;
		};
/* End PBXResourcesBuildPhase section */

/* Begin PBXSourcesBuildPhase section */
		FC05042D1E1464580074FC1B /* Sources */ = {
			isa = PBXSourcesBuildPhase;
			buildActionMask = 2147483647;
			files = (
				FC0504371E1464580074FC1B /* ViewController.swift in Sources */,
				FC0504351E1464580074FC1B /* AppDelegate.swift in Sources */,
			);
			runOnlyForDeploymentPostprocessing = 0;
		};
/* End PBXSourcesBuildPhase section */

/* Begin PBXVariantGroup section */
		FC0504381E1464580074FC1B /* Main.storyboard */ = {
			isa = PBXVariantGroup;
			children = (
				FC0504391E1464580074FC1B /* Base */,
			);
			name = Main.storyboard;
			sourceTree = "<group>";
		};
		FC05043D1E1464580074FC1B /* LaunchScreen.storyboard */ = {
			isa = PBXVariantGroup;
			children = (
				FC05043E1E1464580074FC1B /* Base */,
			);
			name = LaunchScreen.storyboard;
			sourceTree = "<group>";
		};
/* End PBXVariantGroup section */

/* Begin XCBuildConfiguration section */
		FC0504411E1464580074FC1B /* Debug */ = {
			isa = XCBuildConfiguration;
			buildSettings = {
				ALWAYS_SEARCH_USER_PATHS = NO;
				CLANG_ANALYZER_NONNULL = YES;
				CLANG_CXX_LANGUAGE_STANDARD = "gnu++0x";
				CLANG_CXX_LIBRARY = "libc++";
				CLANG_ENABLE_MODULES = YES;
				CLANG_ENABLE_OBJC_ARC = YES;
				CLANG_WARN_BOOL_CONVERSION = YES;
				CLANG_WARN_CONSTANT_CONVERSION = YES;
				CLANG_WARN_DIRECT_OBJC_ISA_USAGE = YES_ERROR;
				CLANG_WARN_DOCUMENTATION_COMMENTS = YES;
				CLANG_WARN_EMPTY_BODY = YES;
				CLANG_WARN_ENUM_CONVERSION = YES;
				CLANG_WARN_INFINITE_RECURSION = YES;
				CLANG_WARN_INT_CONVERSION = YES;
				CLANG_WARN_OBJC_ROOT_CLASS = YES_ERROR;
				CLANG_WARN_SUSPICIOUS_MOVE = YES;
				CLANG_WARN_UNREACHABLE_CODE = YES;
				CLANG_WARN__DUPLICATE_METHOD_MATCH = YES;
				"CODE_SIGN_IDENTITY[sdk=iphoneos*]" = "iPhone Developer";
				COPY_PHASE_STRIP = NO;
				DEBUG_INFORMATION_FORMAT = dwarf;
				ENABLE_STRICT_OBJC_MSGSEND = YES;
				ENABLE_TESTABILITY = YES;
				GCC_C_LANGUAGE_STANDARD = gnu99;
				GCC_DYNAMIC_NO_PIC = NO;
				GCC_NO_COMMON_BLOCKS = YES;
				GCC_OPTIMIZATION_LEVEL = 0;
				GCC_PREPROCESSOR_DEFINITIONS = (
					"DEBUG=1",
					"$(inherited)",
				);
				GCC_WARN_64_TO_32_BIT_CONVERSION = YES;
				GCC_WARN_ABOUT_RETURN_TYPE = YES_ERROR;
				GCC_WARN_UNDECLARED_SELECTOR = YES;
				GCC_WARN_UNINITIALIZED_AUTOS = YES_AGGRESSIVE;
				GCC_WARN_UNUSED_FUNCTION = YES;
				GCC_WARN_UNUSED_VARIABLE = YES;
				IPHONEOS_DEPLOYMENT_TARGET = 10.2;
				MTL_ENABLE_DEBUG_INFO = YES;
				ONLY_ACTIVE_ARCH = YES;
				SDKROOT = iphoneos;
				SWIFT_ACTIVE_COMPILATION_CONDITIONS = DEBUG;
				SWIFT_OPTIMIZATION_LEVEL = "-Onone";
				TARGETED_DEVICE_FAMILY = "1,2";
			};
			name = Debug;
		};
		FC0504421E1464580074FC1B /* Release */ = {
			isa = XCBuildConfiguration;
			buildSettings = {
				ALWAYS_SEARCH_USER_PATHS = NO;
				CLANG_ANALYZER_NONNULL = YES;
				CLANG_CXX_LANGUAGE_STANDARD = "gnu++0x";
				CLANG_CXX_LIBRARY = "libc++";
				CLANG_ENABLE_MODULES = YES;
				CLANG_ENABLE_OBJC_ARC = YES;
				CLANG_WARN_BOOL_CONVERSION = YES;
				CLANG_WARN_CONSTANT_CONVERSION = YES;
				CLANG_WARN_DIRECT_OBJC_ISA_USAGE = YES_ERROR;
				CLANG_WARN_DOCUMENTATION_COMMENTS = YES;
				CLANG_WARN_EMPTY_BODY = YES;
				CLANG_WARN_ENUM_CONVERSION = YES;
				CLANG_WARN_INFINITE_RECURSION = YES;
				CLANG_WARN_INT_CONVERSION = YES;
				CLANG_WARN_OBJC_ROOT_CLASS = YES_ERROR;
				CLANG_WARN_SUSPICIOUS_MOVE = YES;
				CLANG_WARN_UNREACHABLE_CODE = YES;
				CLANG_WARN__DUPLICATE_METHOD_MATCH = YES;
				"CODE_SIGN_IDENTITY[sdk=iphoneos*]" = "iPhone Developer";
				COPY_PHASE_STRIP = NO;
				DEBUG_INFORMATION_FORMAT = "dwarf-with-dsym";
				ENABLE_NS_ASSERTIONS = NO;
				ENABLE_STRICT_OBJC_MSGSEND = YES;
				GCC_C_LANGUAGE_STANDARD = gnu99;
				GCC_NO_COMMON_BLOCKS = YES;
				GCC_WARN_64_TO_32_BIT_CONVERSION = YES;
				GCC_WARN_ABOUT_RETURN_TYPE = YES_ERROR;
				GCC_WARN_UNDECLARED_SELECTOR = YES;
				GCC_WARN_UNINITIALIZED_AUTOS = YES_AGGRESSIVE;
				GCC_WARN_UNUSED_FUNCTION = YES;
				GCC_WARN_UNUSED_VARIABLE = YES;
				IPHONEOS_DEPLOYMENT_TARGET = 10.2;
				MTL_ENABLE_DEBUG_INFO = NO;
				SDKROOT = iphoneos;
				SWIFT_OPTIMIZATION_LEVEL = "-Owholemodule";
				TARGETED_DEVICE_FAMILY = "1,2";
				VALIDATE_PRODUCT = YES;
			};
			name = Release;
		};
		FC0504441E1464580074FC1B /* Debug */ = {
			isa = XCBuildConfiguration;
			buildSettings = {
				ASSETCATALOG_COMPILER_APPICON_NAME = AppIcon;
				DEVELOPMENT_TEAM = DBK476475Y;
				INFOPLIST_FILE = "Silly Song/Info.plist";
				LD_RUNPATH_SEARCH_PATHS = "$(inherited) @executable_path/Frameworks";
				PRODUCT_BUNDLE_IDENTIFIER = "com.lukevanin.Silly-Song";
				PRODUCT_NAME = "$(TARGET_NAME)";
				SWIFT_VERSION = 3.0;
			};
			name = Debug;
		};
		FC0504451E1464580074FC1B /* Release */ = {
			isa = XCBuildConfiguration;
			buildSettings = {
				ASSETCATALOG_COMPILER_APPICON_NAME = AppIcon;
				DEVELOPMENT_TEAM = DBK476475Y;
				INFOPLIST_FILE = "Silly Song/Info.plist";
				LD_RUNPATH_SEARCH_PATHS = "$(inherited) @executable_path/Frameworks";
				PRODUCT_BUNDLE_IDENTIFIER = "com.lukevanin.Silly-Song";
				PRODUCT_NAME = "$(TARGET_NAME)";
				SWIFT_VERSION = 3.0;
			};
			name = Release;
		};
/* End XCBuildConfiguration section */

/* Begin XCConfigurationList section */
		FC05042C1E1464580074FC1B /* Build configuration list for PBXProject "Silly Song" */ = {
			isa = XCConfigurationList;
			buildConfigurations = (
				FC0504411E1464580074FC1B /* Debug */,
				FC0504421E1464580074FC1B /* Release */,
			);
			defaultConfigurationIsVisible = 0;
			defaultConfigurationName = Release;
		};
		FC0504431E1464580074FC1B /* Build configuration list for PBXNativeTarget "Silly Song" */ = {
			isa = XCConfigurationList;
			buildConfigurations = (
				FC0504441E1464580074FC1B /* Debug */,
				FC0504451E1464580074FC1B /* Release */,
			);
			defaultConfigurationIsVisible = 0;
		};
/* End XCConfigurationList section */
	};
	rootObject = FC0504291E1464580074FC1B /* Project object */;
}
